
Microsoft Visual Studio Solution File, Format Version 12.00
# Visual Studio Version 16
VisualStudioVersion = 16.0.30709.132
MinimumVisualStudioVersion = 10.0.40219.1
Project("{9A19103F-16F7-4668-BE54-9A1E7A4F7556}") = "SimpleStateMachineUsingEnumsAndDictionary", "SimpleStateMachineUsingEnumsAndDictionary\SimpleStateMachineUsingEnumsAndDictionary.csproj", "{07225D07-44BE-48CB-A926-9941DF8B8726}"
EndProject
Project("{9A19103F-16F7-4668-BE54-9A1E7A4F7556}") = "Switch-BasedStateMachine", "Switch-BasedStateMachine\Switch-BasedStateMachine.csproj", "{9F7D5CD0-4D46-4852-AABC-E1C7596B95DA}"
EndProject
Project("{9A19103F-16F7-4668-BE54-9A1E7A4F7556}") = "DynamicStrategyPattern", "DynamicStrategyPattern\DynamicStrategyPattern.csproj", "{3FAF6C95-D8C4-4D9F-BF58-C92D6A098933}"
EndProject
Project("{9A19103F-16F7-4668-BE54-9A1E7A4F7556}") = "FaceteBuilder", "FaceteBuilder\FaceteBuilder.csproj", "{6F224664-A891-4FEB-B36A-BBBDD7D04A1A}"
EndProject
Project("{FAE04EC0-301F-11D3-BF4B-00C04F79EFBC}") = "ClassicVisitorPattern", "ClassicVisitorPattern\ClassicVisitorPattern.csproj", "{200E3DC1-FC8F-43B9-A6D3-53B4338BDD97}"
EndProject
Global
	GlobalSection(SolutionConfigurationPlatforms) = preSolution
		Debug|Any CPU = Debug|Any CPU
		Release|Any CPU = Release|Any CPU
	EndGlobalSection
	GlobalSection(ProjectConfigurationPlatforms) = postSolution
		{07225D07-44BE-48CB-A926-9941DF8B8726}.Debug|Any CPU.ActiveCfg = Debug|Any CPU
		{07225D07-44BE-48CB-A926-9941DF8B8726}.Debug|Any CPU.Build.0 = Debug|Any CPU
		{07225D07-44BE-48CB-A926-9941DF8B8726}.Release|Any CPU.ActiveCfg = Release|Any CPU
		{07225D07-44BE-48CB-A926-9941DF8B8726}.Release|Any CPU.Build.0 = Release|Any CPU
		{9F7D5CD0-4D46-4852-AABC-E1C7596B95DA}.Debug|Any CPU.ActiveCfg = Debug|Any CPU
		{9F7D5CD0-4D46-4852-AABC-E1C7596B95DA}.Debug|Any CPU.Build.0 = Debug|Any CPU
		{9F7D5CD0-4D46-4852-AABC-E1C7596B95DA}.Release|Any CPU.ActiveCfg = Release|Any CPU
		{9F7D5CD0-4D46-4852-AABC-E1C7596B95DA}.Release|Any CPU.Build.0 = Release|Any CPU
		{3FAF6C95-D8C4-4D9F-BF58-C92D6A098933}.Debug|Any CPU.ActiveCfg = Debug|Any CPU
		{3FAF6C95-D8C4-4D9F-BF58-C92D6A098933}.Debug|Any CPU.Build.0 = Debug|Any CPU
		{3FAF6C95-D8C4-4D9F-BF58-C92D6A098933}.Release|Any CPU.ActiveCfg = Release|Any CPU
		{3FAF6C95-D8C4-4D9F-BF58-C92D6A098933}.Release|Any CPU.Build.0 = Release|Any CPU
		{6F224664-A891-4FEB-B36A-BBBDD7D04A1A}.Debug|Any CPU.ActiveCfg = Debug|Any CPU
		{6F224664-A891-4FEB-B36A-BBBDD7D04A1A}.Debug|Any CPU.Build.0 = Debug|Any CPU
		{6F224664-A891-4FEB-B36A-BBBDD7D04A1A}.Release|Any CPU.ActiveCfg = Release|Any CPU
		{6F224664-A891-4FEB-B36A-BBBDD7D04A1A}.Release|Any CPU.Build.0 = Release|Any CPU
		{200E3DC1-FC8F-43B9-A6D3-53B4338BDD97}.Debug|Any CPU.ActiveCfg = Debug|Any CPU
		{200E3DC1-FC8F-43B9-A6D3-53B4338BDD97}.Debug|Any CPU.Build.0 = Debug|Any CPU
		{200E3DC1-FC8F-43B9-A6D3-53B4338BDD97}.Release|Any CPU.ActiveCfg = Release|Any CPU
		{200E3DC1-FC8F-43B9-A6D3-53B4338BDD97}.Release|Any CPU.Build.0 = Release|Any CPU
	EndGlobalSection
	GlobalSection(SolutionProperties) = preSolution
		HideSolutionNode = FALSE
	EndGlobalSection
	GlobalSection(ExtensibilityGlobals) = postSolution
		SolutionGuid = {34A6D162-BE9F-4567-9210-E37F07C425A7}
	EndGlobalSection
EndGlobal
